
Microsoft Visual Studio Solution File, Format Version 12.00
Project("{FAE04EC0-301F-11D3-BF4B-00C04F79EFBC}") = "fchessClient", "fchessClient\fchessClient.csproj", "{CEFFCD77-D0BB-4371-AFD3-0628667FF75E}"
EndProject
Project("{F2A71F9B-5D33-465A-A702-920D77279786}") = "fchess", "fchess\fchess.fsproj", "{551F15C4-0231-4A67-8976-14044603D226}"
EndProject
Project("{F2A71F9B-5D33-465A-A702-920D77279786}") = "fchess_Tests", "fchess_Tests\fchess_Tests.fsproj", "{9E46CBF7-36ED-4FB4-BC72-1A227588C229}"
EndProject
Global
	GlobalSection(SolutionConfigurationPlatforms) = preSolution
		Debug|Any CPU = Debug|Any CPU
		Release|Any CPU = Release|Any CPU
	EndGlobalSection
	GlobalSection(ProjectConfigurationPlatforms) = postSolution
		{551F15C4-0231-4A67-8976-14044603D226}.Debug|Any CPU.ActiveCfg = Debug|Any CPU
		{551F15C4-0231-4A67-8976-14044603D226}.Debug|Any CPU.Build.0 = Debug|Any CPU
		{551F15C4-0231-4A67-8976-14044603D226}.Release|Any CPU.ActiveCfg = Release|Any CPU
		{551F15C4-0231-4A67-8976-14044603D226}.Release|Any CPU.Build.0 = Release|Any CPU
		{9E46CBF7-36ED-4FB4-BC72-1A227588C229}.Debug|Any CPU.ActiveCfg = Debug|Any CPU
		{9E46CBF7-36ED-4FB4-BC72-1A227588C229}.Debug|Any CPU.Build.0 = Debug|Any CPU
		{9E46CBF7-36ED-4FB4-BC72-1A227588C229}.Release|Any CPU.ActiveCfg = Release|Any CPU
		{9E46CBF7-36ED-4FB4-BC72-1A227588C229}.Release|Any CPU.Build.0 = Release|Any CPU
		{CEFFCD77-D0BB-4371-AFD3-0628667FF75E}.Debug|Any CPU.ActiveCfg = Debug|Any CPU
		{CEFFCD77-D0BB-4371-AFD3-0628667FF75E}.Debug|Any CPU.Build.0 = Debug|Any CPU
		{CEFFCD77-D0BB-4371-AFD3-0628667FF75E}.Release|Any CPU.ActiveCfg = Release|Any CPU
		{CEFFCD77-D0BB-4371-AFD3-0628667FF75E}.Release|Any CPU.Build.0 = Release|Any CPU
	EndGlobalSection
EndGlobal
